
Microsoft Visual Studio Solution File, Format Version 12.00
# Visual Studio Version 16
VisualStudioVersion = 16.0.29911.84
MinimumVisualStudioVersion = 10.0.40219.1
Project("{FAE04EC0-301F-11D3-BF4B-00C04F79EFBC}") = "Task2", "Task2\Task2.csproj", "{46C0AF58-0CE8-4318-8496-D4FEFC9E7DEB}"
EndProject
Global
	GlobalSection(SolutionConfigurationPlatforms) = preSolution
		Debug|Any CPU = Debug|Any CPU
		Release|Any CPU = Release|Any CPU
	EndGlobalSection
	GlobalSection(ProjectConfigurationPlatforms) = postSolution
		{46C0AF58-0CE8-4318-8496-D4FEFC9E7DEB}.Debug|Any CPU.ActiveCfg = Debug|Any CPU
		{46C0AF58-0CE8-4318-8496-D4FEFC9E7DEB}.Debug|Any CPU.Build.0 = Debug|Any CPU
		{46C0AF58-0CE8-4318-8496-D4FEFC9E7DEB}.Release|Any CPU.ActiveCfg = Release|Any CPU
		{46C0AF58-0CE8-4318-8496-D4FEFC9E7DEB}.Release|Any CPU.Build.0 = Release|Any CPU
	EndGlobalSection
	GlobalSection(SolutionProperties) = preSolution
		HideSolutionNode = FALSE
	EndGlobalSection
	GlobalSection(ExtensibilityGlobals) = postSolution
		SolutionGuid = {4862B273-2D8E-4976-9A69-282A918C04BF}
	EndGlobalSection
EndGlobal
